// !$*UTF8*$!
{
	archiveVersion = 1;
	classes = {
	};
	objectVersion = 50;
	objects = {

/* Begin PBXBuildFile section */
		F05849F521313E4100DD9005 /* AppDelegate.swift in Sources */ = {isa = PBXBuildFile; fileRef = F05849F421313E4100DD9005 /* AppDelegate.swift */; };
		F05849F721313E4100DD9005 /* ViewController.swift in Sources */ = {isa = PBXBuildFile; fileRef = F05849F621313E4100DD9005 /* ViewController.swift */; };
		F05849FA21313E4100DD9005 /* Main.storyboard in Resources */ = {isa = PBXBuildFile; fileRef = F05849F821313E4100DD9005 /* Main.storyboard */; };
		F05849FD21313E4100DD9005 /* lydia.xcdatamodeld in Sources */ = {isa = PBXBuildFile; fileRef = F05849FB21313E4100DD9005 /* lydia.xcdatamodeld */; };
		F05849FF21313E4200DD9005 /* Assets.xcassets in Resources */ = {isa = PBXBuildFile; fileRef = F05849FE21313E4200DD9005 /* Assets.xcassets */; };
		F0584A0221313E4200DD9005 /* LaunchScreen.storyboard in Resources */ = {isa = PBXBuildFile; fileRef = F0584A0021313E4200DD9005 /* LaunchScreen.storyboard */; };
/* End PBXBuildFile section */

/* Begin PBXFileReference section */
		F05849F121313E4100DD9005 /* lydia.app */ = {isa = PBXFileReference; explicitFileType = wrapper.application; includeInIndex = 0; path = lydia.app; sourceTree = BUILT_PRODUCTS_DIR; };
		F05849F421313E4100DD9005 /* AppDelegate.swift */ = {isa = PBXFileReference; lastKnownFileType = sourcecode.swift; path = AppDelegate.swift; sourceTree = "<group>"; };
		F05849F621313E4100DD9005 /* ViewController.swift */ = {isa = PBXFileReference; lastKnownFileType = sourcecode.swift; path = ViewController.swift; sourceTree = "<group>"; };
		F05849F921313E4100DD9005 /* Base */ = {isa = PBXFileReference; lastKnownFileType = file.storyboard; name = Base; path = Base.lproj/Main.storyboard; sourceTree = "<group>"; };
		F05849FC21313E4100DD9005 /* lydia.xcdatamodel */ = {isa = PBXFileReference; lastKnownFileType = wrapper.xcdatamodel; path = lydia.xcdatamodel; sourceTree = "<group>"; };
		F05849FE21313E4200DD9005 /* Assets.xcassets */ = {isa = PBXFileReference; lastKnownFileType = folder.assetcatalog; path = Assets.xcassets; sourceTree = "<group>"; };
		F0584A0121313E4200DD9005 /* Base */ = {isa = PBXFileReference; lastKnownFileType = file.storyboard; name = Base; path = Base.lproj/LaunchScreen.storyboard; sourceTree = "<group>"; };
		F0584A0321313E4200DD9005 /* Info.plist */ = {isa = PBXFileReference; lastKnownFileType = text.plist.xml; path = Info.plist; sourceTree = "<group>"; };
/* End PBXFileReference section */

/* Begin PBXFrameworksBuildPhase section */
		F05849EE21313E4100DD9005 /* Frameworks */ = {
			isa = PBXFrameworksBuildPhase;
			buildActionMask = 2147483647;
			files = (
			);
			runOnlyForDeploymentPostprocessing = 0;
		};
/* End PBXFrameworksBuildPhase section */

/* Begin PBXGroup section */
		F05849E821313E4000DD9005 = {
			isa = PBXGroup;
			children = (
				F05849F321313E4100DD9005 /* lydia */,
				F05849F221313E4100DD9005 /* Products */,
			);
			sourceTree = "<group>";
		};
		F05849F221313E4100DD9005 /* Products */ = {
			isa = PBXGroup;
			children = (
				F05849F121313E4100DD9005 /* lydia.app */,
			);
			name = Products;
			sourceTree = "<group>";
		};
		F05849F321313E4100DD9005 /* lydia */ = {
			isa = PBXGroup;
			children = (
				F05849F421313E4100DD9005 /* AppDelegate.swift */,
				F05849F621313E4100DD9005 /* ViewController.swift */,
				F05849F821313E4100DD9005 /* Main.storyboard */,
				F05849FE21313E4200DD9005 /* Assets.xcassets */,
				F0584A0021313E4200DD9005 /* LaunchScreen.storyboard */,
				F0584A0321313E4200DD9005 /* Info.plist */,
				F05849FB21313E4100DD9005 /* lydia.xcdatamodeld */,
			);
			path = lydia;
			sourceTree = "<group>";
		};
/* End PBXGroup section */

/* Begin PBXNativeTarget section */
		F05849F021313E4100DD9005 /* lydia */ = {
			isa = PBXNativeTarget;
			buildConfigurationList = F0584A0621313E4200DD9005 /* Build configuration list for PBXNativeTarget "lydia" */;
			buildPhases = (
				F05849ED21313E4100DD9005 /* Sources */,
				F05849EE21313E4100DD9005 /* Frameworks */,
				F05849EF21313E4100DD9005 /* Resources */,
			);
			buildRules = (
			);
			dependencies = (
			);
			name = lydia;
			productName = lydia;
			productReference = F05849F121313E4100DD9005 /* lydia.app */;
			productType = "com.apple.product-type.application";
		};
/* End PBXNativeTarget section */

/* Begin PBXProject section */
		F05849E921313E4000DD9005 /* Project object */ = {
			isa = PBXProject;
			attributes = {
				LastSwiftUpdateCheck = 0940;
				LastUpgradeCheck = 0940;
				ORGANIZATIONNAME = "Jean-Christophe Paris";
				TargetAttributes = {
					F05849F021313E4100DD9005 = {
						CreatedOnToolsVersion = 9.4.1;
					};
				};
			};
			buildConfigurationList = F05849EC21313E4000DD9005 /* Build configuration list for PBXProject "lydia" */;
			compatibilityVersion = "Xcode 9.3";
			developmentRegion = en;
			hasScannedForEncodings = 0;
			knownRegions = (
				en,
				Base,
			);
			mainGroup = F05849E821313E4000DD9005;
			productRefGroup = F05849F221313E4100DD9005 /* Products */;
			projectDirPath = "";
			projectRoot = "";
			targets = (
				F05849F021313E4100DD9005 /* lydia */,
			);
		};
/* End PBXProject section */

/* Begin PBXResourcesBuildPhase section */
		F05849EF21313E4100DD9005 /* Resources */ = {
			isa = PBXResourcesBuildPhase;
			buildActionMask = 2147483647;
			files = (
				F0584A0221313E4200DD9005 /* LaunchScreen.storyboard in Resources */,
				F05849FF21313E4200DD9005 /* Assets.xcassets in Resources */,
				F05849FA21313E4100DD9005 /* Main.storyboard in Resources */,
			);
			runOnlyForDeploymentPostprocessing = 0;
		};
/* End PBXResourcesBuildPhase section */

/* Begin PBXSourcesBuildPhase section */
		F05849ED21313E4100DD9005 /* Sources */ = {
			isa = PBXSourcesBuildPhase;
			buildActionMask = 2147483647;
			files = (
				F05849F721313E4100DD9005 /* ViewController.swift in Sources */,
				F05849F521313E4100DD9005 /* AppDelegate.swift in Sources */,
				F05849FD21313E4100DD9005 /* lydia.xcdatamodeld in Sources */,
			);
			runOnlyForDeploymentPostprocessing = 0;
		};
/* End PBXSourcesBuildPhase section */

/* Begin PBXVariantGroup section */
		F05849F821313E4100DD9005 /* Main.storyboard */ = {
			isa = PBXVariantGroup;
			children = (
				F05849F921313E4100DD9005 /* Base */,
			);
			name = Main.storyboard;
			sourceTree = "<group>";
		};
		F0584A0021313E4200DD9005 /* LaunchScreen.storyboard */ = {
			isa = PBXVariantGroup;
			children = (
				F0584A0121313E4200DD9005 /* Base */,
			);
			name = LaunchScreen.storyboard;
			sourceTree = "<group>";
		};
/* End PBXVariantGroup section */

/* Begin XCBuildConfiguration section */
		F0584A0421313E4200DD9005 /* Debug */ = {
			isa = XCBuildConfiguration;
			buildSettings = {
				ALWAYS_SEARCH_USER_PATHS = NO;
				CLANG_ANALYZER_NONNULL = YES;
				CLANG_ANALYZER_NUMBER_OBJECT_CONVERSION = YES_AGGRESSIVE;
				CLANG_CXX_LANGUAGE_STANDARD = "gnu++14";
				CLANG_CXX_LIBRARY = "libc++";
				CLANG_ENABLE_MODULES = YES;
				CLANG_ENABLE_OBJC_ARC = YES;
				CLANG_ENABLE_OBJC_WEAK = YES;
				CLANG_WARN_BLOCK_CAPTURE_AUTORELEASING = YES;
				CLANG_WARN_BOOL_CONVERSION = YES;
				CLANG_WARN_COMMA = YES;
				CLANG_WARN_CONSTANT_CONVERSION = YES;
				CLANG_WARN_DEPRECATED_OBJC_IMPLEMENTATIONS = YES;
				CLANG_WARN_DIRECT_OBJC_ISA_USAGE = YES_ERROR;
				CLANG_WARN_DOCUMENTATION_COMMENTS = YES;
				CLANG_WARN_EMPTY_BODY = YES;
				CLANG_WARN_ENUM_CONVERSION = YES;
				CLANG_WARN_INFINITE_RECURSION = YES;
				CLANG_WARN_INT_CONVERSION = YES;
				CLANG_WARN_NON_LITERAL_NULL_CONVERSION = YES;
				CLANG_WARN_OBJC_IMPLICIT_RETAIN_SELF = YES;
				CLANG_WARN_OBJC_LITERAL_CONVERSION = YES;
				CLANG_WARN_OBJC_ROOT_CLASS = YES_ERROR;
				CLANG_WARN_RANGE_LOOP_ANALYSIS = YES;
				CLANG_WARN_STRICT_PROTOTYPES = YES;
				CLANG_WARN_SUSPICIOUS_MOVE = YES;
				CLANG_WARN_UNGUARDED_AVAILABILITY = YES_AGGRESSIVE;
				CLANG_WARN_UNREACHABLE_CODE = YES;
				CLANG_WARN__DUPLICATE_METHOD_MATCH = YES;
				CODE_SIGN_IDENTITY = "iPhone Developer";
				COPY_PHASE_STRIP = NO;
				DEBUG_INFORMATION_FORMAT = dwarf;
				ENABLE_STRICT_OBJC_MSGSEND = YES;
				ENABLE_TESTABILITY = YES;
				GCC_C_LANGUAGE_STANDARD = gnu11;
				GCC_DYNAMIC_NO_PIC = NO;
				GCC_NO_COMMON_BLOCKS = YES;
				GCC_OPTIMIZATION_LEVEL = 0;
				GCC_PREPROCESSOR_DEFINITIONS = (
					"DEBUG=1",
					"$(inherited)",
				);
				GCC_WARN_64_TO_32_BIT_CONVERSION = YES;
				GCC_WARN_ABOUT_RETURN_TYPE = YES_ERROR;
				GCC_WARN_UNDECLARED_SELECTOR = YES;
				GCC_WARN_UNINITIALIZED_AUTOS = YES_AGGRESSIVE;
				GCC_WARN_UNUSED_FUNCTION = YES;
				GCC_WARN_UNUSED_VARIABLE = YES;
				IPHONEOS_DEPLOYMENT_TARGET = 11.4;
				MTL_ENABLE_DEBUG_INFO = YES;
				ONLY_ACTIVE_ARCH = YES;
				SDKROOT = iphoneos;
				SWIFT_ACTIVE_COMPILATION_CONDITIONS = DEBUG;
				SWIFT_OPTIMIZATION_LEVEL = "-Onone";
			};
			name = Debug;
		};
		F0584A0521313E4200DD9005 /* Release */ = {
			isa = XCBuildConfiguration;
			buildSettings = {
				ALWAYS_SEARCH_USER_PATHS = NO;
				CLANG_ANALYZER_NONNULL = YES;
				CLANG_ANALYZER_NUMBER_OBJECT_CONVERSION = YES_AGGRESSIVE;
				CLANG_CXX_LANGUAGE_STANDARD = "gnu++14";
				CLANG_CXX_LIBRARY = "libc++";
				CLANG_ENABLE_MODULES = YES;
				CLANG_ENABLE_OBJC_ARC = YES;
				CLANG_ENABLE_OBJC_WEAK = YES;
				CLANG_WARN_BLOCK_CAPTURE_AUTORELEASING = YES;
				CLANG_WARN_BOOL_CONVERSION = YES;
				CLANG_WARN_COMMA = YES;
				CLANG_WARN_CONSTANT_CONVERSION = YES;
				CLANG_WARN_DEPRECATED_OBJC_IMPLEMENTATIONS = YES;
				CLANG_WARN_DIRECT_OBJC_ISA_USAGE = YES_ERROR;
				CLANG_WARN_DOCUMENTATION_COMMENTS = YES;
				CLANG_WARN_EMPTY_BODY = YES;
				CLANG_WARN_ENUM_CONVERSION = YES;
				CLANG_WARN_INFINITE_RECURSION = YES;
				CLANG_WARN_INT_CONVERSION = YES;
				CLANG_WARN_NON_LITERAL_NULL_CONVERSION = YES;
				CLANG_WARN_OBJC_IMPLICIT_RETAIN_SELF = YES;
				CLANG_WARN_OBJC_LITERAL_CONVERSION = YES;
				CLANG_WARN_OBJC_ROOT_CLASS = YES_ERROR;
				CLANG_WARN_RANGE_LOOP_ANALYSIS = YES;
				CLANG_WARN_STRICT_PROTOTYPES = YES;
				CLANG_WARN_SUSPICIOUS_MOVE = YES;
				CLANG_WARN_UNGUARDED_AVAILABILITY = YES_AGGRESSIVE;
				CLANG_WARN_UNREACHABLE_CODE = YES;
				CLANG_WARN__DUPLICATE_METHOD_MATCH = YES;
				CODE_SIGN_IDENTITY = "iPhone Developer";
				COPY_PHASE_STRIP = NO;
				DEBUG_INFORMATION_FORMAT = "dwarf-with-dsym";
				ENABLE_NS_ASSERTIONS = NO;
				ENABLE_STRICT_OBJC_MSGSEND = YES;
				GCC_C_LANGUAGE_STANDARD = gnu11;
				GCC_NO_COMMON_BLOCKS = YES;
				GCC_WARN_64_TO_32_BIT_CONVERSION = YES;
				GCC_WARN_ABOUT_RETURN_TYPE = YES_ERROR;
				GCC_WARN_UNDECLARED_SELECTOR = YES;
				GCC_WARN_UNINITIALIZED_AUTOS = YES_AGGRESSIVE;
				GCC_WARN_UNUSED_FUNCTION = YES;
				GCC_WARN_UNUSED_VARIABLE = YES;
				IPHONEOS_DEPLOYMENT_TARGET = 11.4;
				MTL_ENABLE_DEBUG_INFO = NO;
				SDKROOT = iphoneos;
				SWIFT_COMPILATION_MODE = wholemodule;
				SWIFT_OPTIMIZATION_LEVEL = "-O";
				VALIDATE_PRODUCT = YES;
			};
			name = Release;
		};
		F0584A0721313E4200DD9005 /* Debug */ = {
			isa = XCBuildConfiguration;
			buildSettings = {
				ASSETCATALOG_COMPILER_APPICON_NAME = AppIcon;
				CODE_SIGN_STYLE = Automatic;
				DEVELOPMENT_TEAM = D7XAM3A3CP;
				INFOPLIST_FILE = lydia/Info.plist;
				LD_RUNPATH_SEARCH_PATHS = (
					"$(inherited)",
					"@executable_path/Frameworks",
				);
				PRODUCT_BUNDLE_IDENTIFIER = fr.jcparis.lydia;
				PRODUCT_NAME = "$(TARGET_NAME)";
				SWIFT_VERSION = 4.0;
				TARGETED_DEVICE_FAMILY = "1,2";
			};
			name = Debug;
		};
		F0584A0821313E4200DD9005 /* Release */ = {
			isa = XCBuildConfiguration;
			buildSettings = {
				ASSETCATALOG_COMPILER_APPICON_NAME = AppIcon;
				CODE_SIGN_STYLE = Automatic;
				DEVELOPMENT_TEAM = D7XAM3A3CP;
				INFOPLIST_FILE = lydia/Info.plist;
				LD_RUNPATH_SEARCH_PATHS = (
					"$(inherited)",
					"@executable_path/Frameworks",
				);
				PRODUCT_BUNDLE_IDENTIFIER = fr.jcparis.lydia;
				PRODUCT_NAME = "$(TARGET_NAME)";
				SWIFT_VERSION = 4.0;
				TARGETED_DEVICE_FAMILY = "1,2";
			};
			name = Release;
		};
/* End XCBuildConfiguration section */

/* Begin XCConfigurationList section */
		F05849EC21313E4000DD9005 /* Build configuration list for PBXProject "lydia" */ = {
			isa = XCConfigurationList;
			buildConfigurations = (
				F0584A0421313E4200DD9005 /* Debug */,
				F0584A0521313E4200DD9005 /* Release */,
			);
			defaultConfigurationIsVisible = 0;
			defaultConfigurationName = Release;
		};
		F0584A0621313E4200DD9005 /* Build configuration list for PBXNativeTarget "lydia" */ = {
			isa = XCConfigurationList;
			buildConfigurations = (
				F0584A0721313E4200DD9005 /* Debug */,
				F0584A0821313E4200DD9005 /* Release */,
			);
			defaultConfigurationIsVisible = 0;
			defaultConfigurationName = Release;
		};
/* End XCConfigurationList section */

/* Begin XCVersionGroup section */
		F05849FB21313E4100DD9005 /* lydia.xcdatamodeld */ = {
			isa = XCVersionGroup;
			children = (
				F05849FC21313E4100DD9005 /* lydia.xcdatamodel */,
			);
			currentVersion = F05849FC21313E4100DD9005 /* lydia.xcdatamodel */;
			path = lydia.xcdatamodeld;
			sourceTree = "<group>";
			versionGroupType = wrapper.xcdatamodel;
		};
/* End XCVersionGroup section */
	};
	rootObject = F05849E921313E4000DD9005 /* Project object */;
}
